
Microsoft Visual Studio Solution File, Format Version 12.00
# Visual Studio Version 16
VisualStudioVersion = 16.0.29025.244
MinimumVisualStudioVersion = 10.0.40219.1
Project("{9A19103F-16F7-4668-BE54-9A1E7A4F7556}") = "Thumbnail Creator, Saver and Displayer", "Thumbnail Creator, Saver and Displayer.csproj", "{704C3487-0C28-4720-987F-6DBE56AFCAB9}"
EndProject
Global
	GlobalSection(SolutionConfigurationPlatforms) = preSolution
		Debug|Any CPU = Debug|Any CPU
		Release|Any CPU = Release|Any CPU
	EndGlobalSection
	GlobalSection(ProjectConfigurationPlatforms) = postSolution
		{704C3487-0C28-4720-987F-6DBE56AFCAB9}.Debug|Any CPU.ActiveCfg = Debug|Any CPU
		{704C3487-0C28-4720-987F-6DBE56AFCAB9}.Debug|Any CPU.Build.0 = Debug|Any CPU
		{704C3487-0C28-4720-987F-6DBE56AFCAB9}.Release|Any CPU.ActiveCfg = Release|Any CPU
		{704C3487-0C28-4720-987F-6DBE56AFCAB9}.Release|Any CPU.Build.0 = Release|Any CPU
	EndGlobalSection
	GlobalSection(SolutionProperties) = preSolution
		HideSolutionNode = FALSE
	EndGlobalSection
	GlobalSection(ExtensibilityGlobals) = postSolution
		SolutionGuid = {32E82529-72E9-4C69-8296-5060FB2ADD5D}
	EndGlobalSection
EndGlobal
